
Microsoft Visual Studio Solution File, Format Version 12.00
# Visual Studio Version 17
VisualStudioVersion = 17.2.32616.157
MinimumVisualStudioVersion = 10.0.40219.1
Project("{9A19103F-16F7-4668-BE54-9A1E7A4F7556}") = "ParsiBin.UI", "ParsiBin.UI\ParsiBin.UI.csproj", "{ED6F4F4A-2C74-43F3-B40E-BF804A93013E}"
EndProject
Project("{9A19103F-16F7-4668-BE54-9A1E7A4F7556}") = "DataParser", "DataParser\DataParser.csproj", "{F192E090-34CF-42A4-9E98-AE0C49AEC6EB}"
EndProject
Project("{2150E333-8FDC-42A3-9474-1A3956D46DE8}") = "Core", "Core", "{CEE8E62C-E3D0-4E2D-9E72-65945FEC6F4D}"
EndProject
Project("{2150E333-8FDC-42A3-9474-1A3956D46DE8}") = "Infrastructure", "Infrastructure", "{3F7B7841-92FD-4431-98AD-1B33C0708B32}"
EndProject
Project("{2150E333-8FDC-42A3-9474-1A3956D46DE8}") = "Presentaions", "Presentaions", "{9D879758-1FC2-4F5D-82F8-2E4BD06A78ED}"
EndProject
Project("{2150E333-8FDC-42A3-9474-1A3956D46DE8}") = "src", "src", "{A3FAB366-D609-4DB7-99B2-C755B22A0422}"
EndProject
Project("{2150E333-8FDC-42A3-9474-1A3956D46DE8}") = "tests", "tests", "{013C8C03-2857-43AE-89CE-2B705D694077}"
EndProject
Project("{9A19103F-16F7-4668-BE54-9A1E7A4F7556}") = "ParsiBin.Domain", "ParsiBin.Domian\ParsiBin.Domain.csproj", "{31BACBFA-58F8-41CF-B0CD-DCD5F1C94C78}"
EndProject
Project("{9A19103F-16F7-4668-BE54-9A1E7A4F7556}") = "ParsiBin.SharedKernel", "ParsiBin.SharedKernel\ParsiBin.SharedKernel.csproj", "{7D6388C4-5DBA-4315-9D65-B4819EBD45A2}"
EndProject
Project("{9A19103F-16F7-4668-BE54-9A1E7A4F7556}") = "ParsiBin.Application", "ParsiBin.Application\ParsiBin.Application.csproj", "{E7B12857-0E09-4156-9781-F794C6FB2DC9}"
EndProject
Project("{9A19103F-16F7-4668-BE54-9A1E7A4F7556}") = "ParsiBin.Persistence", "ParsiBin.Persistence\ParsiBin.Persistence.csproj", "{78B6B430-1C29-4A4D-88FD-42C330ADA750}"
EndProject
Project("{2150E333-8FDC-42A3-9474-1A3956D46DE8}") = "Solution Items", "Solution Items", "{02F2177A-0024-469F-92AE-9F8B20609B71}"
	ProjectSection(SolutionItems) = preProject
		.editorconfig = .editorconfig
	EndProjectSection
EndProject
Project("{9A19103F-16F7-4668-BE54-9A1E7A4F7556}") = "ParsiBin.Infrastructure", "ParsiBin.Infrastructure\ParsiBin.Infrastructure.csproj", "{0F91734F-9AEE-484D-945D-528193111CB6}"
EndProject
Project("{FAE04EC0-301F-11D3-BF4B-00C04F79EFBC}") = "ParsiBin.WebUI", "ParsiBin.WebUI\ParsiBin.WebUI.csproj", "{90ECC2E4-3A3F-4F27-A6F1-ECE50503702D}"
EndProject
Global
	GlobalSection(SolutionConfigurationPlatforms) = preSolution
		Debug|Any CPU = Debug|Any CPU
		Release|Any CPU = Release|Any CPU
	EndGlobalSection
	GlobalSection(ProjectConfigurationPlatforms) = postSolution
		{ED6F4F4A-2C74-43F3-B40E-BF804A93013E}.Debug|Any CPU.ActiveCfg = Debug|Any CPU
		{ED6F4F4A-2C74-43F3-B40E-BF804A93013E}.Debug|Any CPU.Build.0 = Debug|Any CPU
		{ED6F4F4A-2C74-43F3-B40E-BF804A93013E}.Release|Any CPU.ActiveCfg = Release|Any CPU
		{ED6F4F4A-2C74-43F3-B40E-BF804A93013E}.Release|Any CPU.Build.0 = Release|Any CPU
		{F192E090-34CF-42A4-9E98-AE0C49AEC6EB}.Debug|Any CPU.ActiveCfg = Debug|Any CPU
		{F192E090-34CF-42A4-9E98-AE0C49AEC6EB}.Debug|Any CPU.Build.0 = Debug|Any CPU
		{F192E090-34CF-42A4-9E98-AE0C49AEC6EB}.Release|Any CPU.ActiveCfg = Release|Any CPU
		{F192E090-34CF-42A4-9E98-AE0C49AEC6EB}.Release|Any CPU.Build.0 = Release|Any CPU
		{31BACBFA-58F8-41CF-B0CD-DCD5F1C94C78}.Debug|Any CPU.ActiveCfg = Debug|Any CPU
		{31BACBFA-58F8-41CF-B0CD-DCD5F1C94C78}.Debug|Any CPU.Build.0 = Debug|Any CPU
		{31BACBFA-58F8-41CF-B0CD-DCD5F1C94C78}.Release|Any CPU.ActiveCfg = Release|Any CPU
		{31BACBFA-58F8-41CF-B0CD-DCD5F1C94C78}.Release|Any CPU.Build.0 = Release|Any CPU
		{7D6388C4-5DBA-4315-9D65-B4819EBD45A2}.Debug|Any CPU.ActiveCfg = Debug|Any CPU
		{7D6388C4-5DBA-4315-9D65-B4819EBD45A2}.Debug|Any CPU.Build.0 = Debug|Any CPU
		{7D6388C4-5DBA-4315-9D65-B4819EBD45A2}.Release|Any CPU.ActiveCfg = Release|Any CPU
		{7D6388C4-5DBA-4315-9D65-B4819EBD45A2}.Release|Any CPU.Build.0 = Release|Any CPU
		{E7B12857-0E09-4156-9781-F794C6FB2DC9}.Debug|Any CPU.ActiveCfg = Debug|Any CPU
		{E7B12857-0E09-4156-9781-F794C6FB2DC9}.Debug|Any CPU.Build.0 = Debug|Any CPU
		{E7B12857-0E09-4156-9781-F794C6FB2DC9}.Release|Any CPU.ActiveCfg = Release|Any CPU
		{E7B12857-0E09-4156-9781-F794C6FB2DC9}.Release|Any CPU.Build.0 = Release|Any CPU
		{78B6B430-1C29-4A4D-88FD-42C330ADA750}.Debug|Any CPU.ActiveCfg = Debug|Any CPU
		{78B6B430-1C29-4A4D-88FD-42C330ADA750}.Debug|Any CPU.Build.0 = Debug|Any CPU
		{78B6B430-1C29-4A4D-88FD-42C330ADA750}.Release|Any CPU.ActiveCfg = Release|Any CPU
		{78B6B430-1C29-4A4D-88FD-42C330ADA750}.Release|Any CPU.Build.0 = Release|Any CPU
		{0F91734F-9AEE-484D-945D-528193111CB6}.Debug|Any CPU.ActiveCfg = Debug|Any CPU
		{0F91734F-9AEE-484D-945D-528193111CB6}.Debug|Any CPU.Build.0 = Debug|Any CPU
		{0F91734F-9AEE-484D-945D-528193111CB6}.Release|Any CPU.ActiveCfg = Release|Any CPU
		{0F91734F-9AEE-484D-945D-528193111CB6}.Release|Any CPU.Build.0 = Release|Any CPU
		{90ECC2E4-3A3F-4F27-A6F1-ECE50503702D}.Debug|Any CPU.ActiveCfg = Debug|Any CPU
		{90ECC2E4-3A3F-4F27-A6F1-ECE50503702D}.Debug|Any CPU.Build.0 = Debug|Any CPU
		{90ECC2E4-3A3F-4F27-A6F1-ECE50503702D}.Release|Any CPU.ActiveCfg = Release|Any CPU
		{90ECC2E4-3A3F-4F27-A6F1-ECE50503702D}.Release|Any CPU.Build.0 = Release|Any CPU
	EndGlobalSection
	GlobalSection(SolutionProperties) = preSolution
		HideSolutionNode = FALSE
	EndGlobalSection
	GlobalSection(NestedProjects) = preSolution
		{CEE8E62C-E3D0-4E2D-9E72-65945FEC6F4D} = {A3FAB366-D609-4DB7-99B2-C755B22A0422}
		{3F7B7841-92FD-4431-98AD-1B33C0708B32} = {A3FAB366-D609-4DB7-99B2-C755B22A0422}
		{9D879758-1FC2-4F5D-82F8-2E4BD06A78ED} = {A3FAB366-D609-4DB7-99B2-C755B22A0422}
		{31BACBFA-58F8-41CF-B0CD-DCD5F1C94C78} = {CEE8E62C-E3D0-4E2D-9E72-65945FEC6F4D}
		{7D6388C4-5DBA-4315-9D65-B4819EBD45A2} = {3F7B7841-92FD-4431-98AD-1B33C0708B32}
		{E7B12857-0E09-4156-9781-F794C6FB2DC9} = {CEE8E62C-E3D0-4E2D-9E72-65945FEC6F4D}
		{78B6B430-1C29-4A4D-88FD-42C330ADA750} = {3F7B7841-92FD-4431-98AD-1B33C0708B32}
		{0F91734F-9AEE-484D-945D-528193111CB6} = {3F7B7841-92FD-4431-98AD-1B33C0708B32}
		{90ECC2E4-3A3F-4F27-A6F1-ECE50503702D} = {9D879758-1FC2-4F5D-82F8-2E4BD06A78ED}
	EndGlobalSection
	GlobalSection(ExtensibilityGlobals) = postSolution
		SolutionGuid = {62CDA06D-7855-4307-A810-EAA97DC6C82C}
	EndGlobalSection
EndGlobal
